// !$*UTF8*$!
{
	archiveVersion = 1;
	classes = {
	};
	objectVersion = 46;
	objects = {

/* Begin PBXBuildFile section */
		DC8151DE1C9C2BCC00771EEA /* AppDelegate.swift in Sources */ = {isa = PBXBuildFile; fileRef = DC8151DD1C9C2BCC00771EEA /* AppDelegate.swift */; };
		DC8151E01C9C2BCC00771EEA /* ViewController.swift in Sources */ = {isa = PBXBuildFile; fileRef = DC8151DF1C9C2BCC00771EEA /* ViewController.swift */; };
		DC8151E31C9C2BCC00771EEA /* Main.storyboard in Resources */ = {isa = PBXBuildFile; fileRef = DC8151E11C9C2BCC00771EEA /* Main.storyboard */; };
		DC8151E51C9C2BCC00771EEA /* Assets.xcassets in Resources */ = {isa = PBXBuildFile; fileRef = DC8151E41C9C2BCC00771EEA /* Assets.xcassets */; };
		DC8151E81C9C2BCC00771EEA /* LaunchScreen.storyboard in Resources */ = {isa = PBXBuildFile; fileRef = DC8151E61C9C2BCC00771EEA /* LaunchScreen.storyboard */; };
		DC8151F31C9C2BCC00771EEA /* FoodTrackerTests.swift in Sources */ = {isa = PBXBuildFile; fileRef = DC8151F21C9C2BCC00771EEA /* FoodTrackerTests.swift */; };
/* End PBXBuildFile section */

/* Begin PBXContainerItemProxy section */
		DC8151EF1C9C2BCC00771EEA /* PBXContainerItemProxy */ = {
			isa = PBXContainerItemProxy;
			containerPortal = DC8151D21C9C2BCC00771EEA /* Project object */;
			proxyType = 1;
			remoteGlobalIDString = DC8151D91C9C2BCC00771EEA;
			remoteInfo = FoodTracker;
		};
/* End PBXContainerItemProxy section */

/* Begin PBXFileReference section */
		DC8151DA1C9C2BCC00771EEA /* FoodTracker.app */ = {isa = PBXFileReference; explicitFileType = wrapper.application; includeInIndex = 0; path = FoodTracker.app; sourceTree = BUILT_PRODUCTS_DIR; };
		DC8151DD1C9C2BCC00771EEA /* AppDelegate.swift */ = {isa = PBXFileReference; lastKnownFileType = sourcecode.swift; path = AppDelegate.swift; sourceTree = "<group>"; };
		DC8151DF1C9C2BCC00771EEA /* ViewController.swift */ = {isa = PBXFileReference; lastKnownFileType = sourcecode.swift; path = ViewController.swift; sourceTree = "<group>"; };
		DC8151E21C9C2BCC00771EEA /* Base */ = {isa = PBXFileReference; lastKnownFileType = file.storyboard; name = Base; path = Base.lproj/Main.storyboard; sourceTree = "<group>"; };
		DC8151E41C9C2BCC00771EEA /* Assets.xcassets */ = {isa = PBXFileReference; lastKnownFileType = folder.assetcatalog; path = Assets.xcassets; sourceTree = "<group>"; };
		DC8151E71C9C2BCC00771EEA /* Base */ = {isa = PBXFileReference; lastKnownFileType = file.storyboard; name = Base; path = Base.lproj/LaunchScreen.storyboard; sourceTree = "<group>"; };
		DC8151E91C9C2BCC00771EEA /* Info.plist */ = {isa = PBXFileReference; lastKnownFileType = text.plist.xml; path = Info.plist; sourceTree = "<group>"; };
		DC8151EE1C9C2BCC00771EEA /* FoodTrackerTests.xctest */ = {isa = PBXFileReference; explicitFileType = wrapper.cfbundle; includeInIndex = 0; path = FoodTrackerTests.xctest; sourceTree = BUILT_PRODUCTS_DIR; };
		DC8151F21C9C2BCC00771EEA /* FoodTrackerTests.swift */ = {isa = PBXFileReference; lastKnownFileType = sourcecode.swift; path = FoodTrackerTests.swift; sourceTree = "<group>"; };
		DC8151F41C9C2BCC00771EEA /* Info.plist */ = {isa = PBXFileReference; lastKnownFileType = text.plist.xml; path = Info.plist; sourceTree = "<group>"; };
/* End PBXFileReference section */

/* Begin PBXFrameworksBuildPhase section */
		DC8151D71C9C2BCC00771EEA /* Frameworks */ = {
			isa = PBXFrameworksBuildPhase;
			buildActionMask = 2147483647;
			files = (
			);
			runOnlyForDeploymentPostprocessing = 0;
		};
		DC8151EB1C9C2BCC00771EEA /* Frameworks */ = {
			isa = PBXFrameworksBuildPhase;
			buildActionMask = 2147483647;
			files = (
			);
			runOnlyForDeploymentPostprocessing = 0;
		};
/* End PBXFrameworksBuildPhase section */

/* Begin PBXGroup section */
		DC8151D11C9C2BCC00771EEA = {
			isa = PBXGroup;
			children = (
				DC8151DC1C9C2BCC00771EEA /* FoodTracker */,
				DC8151F11C9C2BCC00771EEA /* FoodTrackerTests */,
				DC8151DB1C9C2BCC00771EEA /* Products */,
			);
			sourceTree = "<group>";
		};
		DC8151DB1C9C2BCC00771EEA /* Products */ = {
			isa = PBXGroup;
			children = (
				DC8151DA1C9C2BCC00771EEA /* FoodTracker.app */,
				DC8151EE1C9C2BCC00771EEA /* FoodTrackerTests.xctest */,
			);
			name = Products;
			sourceTree = "<group>";
		};
		DC8151DC1C9C2BCC00771EEA /* FoodTracker */ = {
			isa = PBXGroup;
			children = (
				DC8151DD1C9C2BCC00771EEA /* AppDelegate.swift */,
				DC8151DF1C9C2BCC00771EEA /* ViewController.swift */,
				DC8151E11C9C2BCC00771EEA /* Main.storyboard */,
				DC8151E41C9C2BCC00771EEA /* Assets.xcassets */,
				DC8151E61C9C2BCC00771EEA /* LaunchScreen.storyboard */,
				DC8151E91C9C2BCC00771EEA /* Info.plist */,
			);
			path = FoodTracker;
			sourceTree = "<group>";
		};
		DC8151F11C9C2BCC00771EEA /* FoodTrackerTests */ = {
			isa = PBXGroup;
			children = (
				DC8151F21C9C2BCC00771EEA /* FoodTrackerTests.swift */,
				DC8151F41C9C2BCC00771EEA /* Info.plist */,
			);
			path = FoodTrackerTests;
			sourceTree = "<group>";
		};
/* End PBXGroup section */

/* Begin PBXNativeTarget section */
		DC8151D91C9C2BCC00771EEA /* FoodTracker */ = {
			isa = PBXNativeTarget;
			buildConfigurationList = DC8151F71C9C2BCC00771EEA /* Build configuration list for PBXNativeTarget "FoodTracker" */;
			buildPhases = (
				DC8151D61C9C2BCC00771EEA /* Sources */,
				DC8151D71C9C2BCC00771EEA /* Frameworks */,
				DC8151D81C9C2BCC00771EEA /* Resources */,
			);
			buildRules = (
			);
			dependencies = (
			);
			name = FoodTracker;
			productName = FoodTracker;
			productReference = DC8151DA1C9C2BCC00771EEA /* FoodTracker.app */;
			productType = "com.apple.product-type.application";
		};
		DC8151ED1C9C2BCC00771EEA /* FoodTrackerTests */ = {
			isa = PBXNativeTarget;
			buildConfigurationList = DC8151FA1C9C2BCC00771EEA /* Build configuration list for PBXNativeTarget "FoodTrackerTests" */;
			buildPhases = (
				DC8151EA1C9C2BCC00771EEA /* Sources */,
				DC8151EB1C9C2BCC00771EEA /* Frameworks */,
				DC8151EC1C9C2BCC00771EEA /* Resources */,
			);
			buildRules = (
			);
			dependencies = (
				DC8151F01C9C2BCC00771EEA /* PBXTargetDependency */,
			);
			name = FoodTrackerTests;
			productName = FoodTrackerTests;
			productReference = DC8151EE1C9C2BCC00771EEA /* FoodTrackerTests.xctest */;
			productType = "com.apple.product-type.bundle.unit-test";
		};
/* End PBXNativeTarget section */

/* Begin PBXProject section */
		DC8151D21C9C2BCC00771EEA /* Project object */ = {
			isa = PBXProject;
			attributes = {
				LastSwiftUpdateCheck = 0720;
				LastUpgradeCheck = 0720;
				ORGANIZATIONNAME = "Cynthia Tu";
				TargetAttributes = {
					DC8151D91C9C2BCC00771EEA = {
						CreatedOnToolsVersion = 7.2.1;
						DevelopmentTeam = 7LHHN54MAP;
					};
					DC8151ED1C9C2BCC00771EEA = {
						CreatedOnToolsVersion = 7.2.1;
						DevelopmentTeam = 7LHHN54MAP;
						TestTargetID = DC8151D91C9C2BCC00771EEA;
					};
				};
			};
			buildConfigurationList = DC8151D51C9C2BCC00771EEA /* Build configuration list for PBXProject "FoodTracker" */;
			compatibilityVersion = "Xcode 3.2";
			developmentRegion = English;
			hasScannedForEncodings = 0;
			knownRegions = (
				en,
				Base,
			);
			mainGroup = DC8151D11C9C2BCC00771EEA;
			productRefGroup = DC8151DB1C9C2BCC00771EEA /* Products */;
			projectDirPath = "";
			projectRoot = "";
			targets = (
				DC8151D91C9C2BCC00771EEA /* FoodTracker */,
				DC8151ED1C9C2BCC00771EEA /* FoodTrackerTests */,
			);
		};
/* End PBXProject section */

/* Begin PBXResourcesBuildPhase section */
		DC8151D81C9C2BCC00771EEA /* Resources */ = {
			isa = PBXResourcesBuildPhase;
			buildActionMask = 2147483647;
			files = (
				DC8151E81C9C2BCC00771EEA /* LaunchScreen.storyboard in Resources */,
				DC8151E51C9C2BCC00771EEA /* Assets.xcassets in Resources */,
				DC8151E31C9C2BCC00771EEA /* Main.storyboard in Resources */,
			);
			runOnlyForDeploymentPostprocessing = 0;
		};
		DC8151EC1C9C2BCC00771EEA /* Resources */ = {
			isa = PBXResourcesBuildPhase;
			buildActionMask = 2147483647;
			files = (
			);
			runOnlyForDeploymentPostprocessing = 0;
		};
/* End PBXResourcesBuildPhase section */

/* Begin PBXSourcesBuildPhase section */
		DC8151D61C9C2BCC00771EEA /* Sources */ = {
			isa = PBXSourcesBuildPhase;
			buildActionMask = 2147483647;
			files = (
				DC8151E01C9C2BCC00771EEA /* ViewController.swift in Sources */,
				DC8151DE1C9C2BCC00771EEA /* AppDelegate.swift in Sources */,
			);
			runOnlyForDeploymentPostprocessing = 0;
		};
		DC8151EA1C9C2BCC00771EEA /* Sources */ = {
			isa = PBXSourcesBuildPhase;
			buildActionMask = 2147483647;
			files = (
				DC8151F31C9C2BCC00771EEA /* FoodTrackerTests.swift in Sources */,
			);
			runOnlyForDeploymentPostprocessing = 0;
		};
/* End PBXSourcesBuildPhase section */

/* Begin PBXTargetDependency section */
		DC8151F01C9C2BCC00771EEA /* PBXTargetDependency */ = {
			isa = PBXTargetDependency;
			target = DC8151D91C9C2BCC00771EEA /* FoodTracker */;
			targetProxy = DC8151EF1C9C2BCC00771EEA /* PBXContainerItemProxy */;
		};
/* End PBXTargetDependency section */

/* Begin PBXVariantGroup section */
		DC8151E11C9C2BCC00771EEA /* Main.storyboard */ = {
			isa = PBXVariantGroup;
			children = (
				DC8151E21C9C2BCC00771EEA /* Base */,
			);
			name = Main.storyboard;
			sourceTree = "<group>";
		};
		DC8151E61C9C2BCC00771EEA /* LaunchScreen.storyboard */ = {
			isa = PBXVariantGroup;
			children = (
				DC8151E71C9C2BCC00771EEA /* Base */,
			);
			name = LaunchScreen.storyboard;
			sourceTree = "<group>";
		};
/* End PBXVariantGroup section */

/* Begin XCBuildConfiguration section */
		DC8151F51C9C2BCC00771EEA /* Debug */ = {
			isa = XCBuildConfiguration;
			buildSettings = {
				ALWAYS_SEARCH_USER_PATHS = NO;
				CLANG_CXX_LANGUAGE_STANDARD = "gnu++0x";
				CLANG_CXX_LIBRARY = "libc++";
				CLANG_ENABLE_MODULES = YES;
				CLANG_ENABLE_OBJC_ARC = YES;
				CLANG_WARN_BOOL_CONVERSION = YES;
				CLANG_WARN_CONSTANT_CONVERSION = YES;
				CLANG_WARN_DIRECT_OBJC_ISA_USAGE = YES_ERROR;
				CLANG_WARN_EMPTY_BODY = YES;
				CLANG_WARN_ENUM_CONVERSION = YES;
				CLANG_WARN_INT_CONVERSION = YES;
				CLANG_WARN_OBJC_ROOT_CLASS = YES_ERROR;
				CLANG_WARN_UNREACHABLE_CODE = YES;
				CLANG_WARN__DUPLICATE_METHOD_MATCH = YES;
				"CODE_SIGN_IDENTITY[sdk=iphoneos*]" = "iPhone Developer";
				COPY_PHASE_STRIP = NO;
				DEBUG_INFORMATION_FORMAT = dwarf;
				ENABLE_STRICT_OBJC_MSGSEND = YES;
				ENABLE_TESTABILITY = YES;
				GCC_C_LANGUAGE_STANDARD = gnu99;
				GCC_DYNAMIC_NO_PIC = NO;
				GCC_NO_COMMON_BLOCKS = YES;
				GCC_OPTIMIZATION_LEVEL = 0;
				GCC_PREPROCESSOR_DEFINITIONS = (
					"DEBUG=1",
					"$(inherited)",
				);
				GCC_WARN_64_TO_32_BIT_CONVERSION = YES;
				GCC_WARN_ABOUT_RETURN_TYPE = YES_ERROR;
				GCC_WARN_UNDECLARED_SELECTOR = YES;
				GCC_WARN_UNINITIALIZED_AUTOS = YES_AGGRESSIVE;
				GCC_WARN_UNUSED_FUNCTION = YES;
				GCC_WARN_UNUSED_VARIABLE = YES;
				IPHONEOS_DEPLOYMENT_TARGET = 9.2;
				MTL_ENABLE_DEBUG_INFO = YES;
				ONLY_ACTIVE_ARCH = YES;
				SDKROOT = iphoneos;
				SWIFT_OPTIMIZATION_LEVEL = "-Onone";
				TARGETED_DEVICE_FAMILY = "1,2";
			};
			name = Debug;
		};
		DC8151F61C9C2BCC00771EEA /* Release */ = {
			isa = XCBuildConfiguration;
			buildSettings = {
				ALWAYS_SEARCH_USER_PATHS = NO;
				CLANG_CXX_LANGUAGE_STANDARD = "gnu++0x";
				CLANG_CXX_LIBRARY = "libc++";
				CLANG_ENABLE_MODULES = YES;
				CLANG_ENABLE_OBJC_ARC = YES;
				CLANG_WARN_BOOL_CONVERSION = YES;
				CLANG_WARN_CONSTANT_CONVERSION = YES;
				CLANG_WARN_DIRECT_OBJC_ISA_USAGE = YES_ERROR;
				CLANG_WARN_EMPTY_BODY = YES;
				CLANG_WARN_ENUM_CONVERSION = YES;
				CLANG_WARN_INT_CONVERSION = YES;
				CLANG_WARN_OBJC_ROOT_CLASS = YES_ERROR;
				CLANG_WARN_UNREACHABLE_CODE = YES;
				CLANG_WARN__DUPLICATE_METHOD_MATCH = YES;
				"CODE_SIGN_IDENTITY[sdk=iphoneos*]" = "iPhone Developer";
				COPY_PHASE_STRIP = NO;
				DEBUG_INFORMATION_FORMAT = "dwarf-with-dsym";
				ENABLE_NS_ASSERTIONS = NO;
				ENABLE_STRICT_OBJC_MSGSEND = YES;
				GCC_C_LANGUAGE_STANDARD = gnu99;
				GCC_NO_COMMON_BLOCKS = YES;
				GCC_WARN_64_TO_32_BIT_CONVERSION = YES;
				GCC_WARN_ABOUT_RETURN_TYPE = YES_ERROR;
				GCC_WARN_UNDECLARED_SELECTOR = YES;
				GCC_WARN_UNINITIALIZED_AUTOS = YES_AGGRESSIVE;
				GCC_WARN_UNUSED_FUNCTION = YES;
				GCC_WARN_UNUSED_VARIABLE = YES;
				IPHONEOS_DEPLOYMENT_TARGET = 9.2;
				MTL_ENABLE_DEBUG_INFO = NO;
				SDKROOT = iphoneos;
				TARGETED_DEVICE_FAMILY = "1,2";
				VALIDATE_PRODUCT = YES;
			};
			name = Release;
		};
		DC8151F81C9C2BCC00771EEA /* Debug */ = {
			isa = XCBuildConfiguration;
			buildSettings = {
				ASSETCATALOG_COMPILER_APPICON_NAME = AppIcon;
				CODE_SIGN_IDENTITY = "iPhone Developer";
				INFOPLIST_FILE = FoodTracker/Info.plist;
				LD_RUNPATH_SEARCH_PATHS = "$(inherited) @executable_path/Frameworks";
				PRODUCT_BUNDLE_IDENTIFIER = epistulae.FoodTracker;
				PRODUCT_NAME = "$(TARGET_NAME)";
			};
			name = Debug;
		};
		DC8151F91C9C2BCC00771EEA /* Release */ = {
			isa = XCBuildConfiguration;
			buildSettings = {
				ASSETCATALOG_COMPILER_APPICON_NAME = AppIcon;
				CODE_SIGN_IDENTITY = "iPhone Developer";
				INFOPLIST_FILE = FoodTracker/Info.plist;
				LD_RUNPATH_SEARCH_PATHS = "$(inherited) @executable_path/Frameworks";
				PRODUCT_BUNDLE_IDENTIFIER = epistulae.FoodTracker;
				PRODUCT_NAME = "$(TARGET_NAME)";
			};
			name = Release;
		};
		DC8151FB1C9C2BCC00771EEA /* Debug */ = {
			isa = XCBuildConfiguration;
			buildSettings = {
				BUNDLE_LOADER = "$(TEST_HOST)";
				INFOPLIST_FILE = FoodTrackerTests/Info.plist;
				LD_RUNPATH_SEARCH_PATHS = "$(inherited) @executable_path/Frameworks @loader_path/Frameworks";
				PRODUCT_BUNDLE_IDENTIFIER = epistulae.FoodTrackerTests;
				PRODUCT_NAME = "$(TARGET_NAME)";
				TEST_HOST = "$(BUILT_PRODUCTS_DIR)/FoodTracker.app/FoodTracker";
			};
			name = Debug;
		};
		DC8151FC1C9C2BCC00771EEA /* Release */ = {
			isa = XCBuildConfiguration;
			buildSettings = {
				BUNDLE_LOADER = "$(TEST_HOST)";
				INFOPLIST_FILE = FoodTrackerTests/Info.plist;
				LD_RUNPATH_SEARCH_PATHS = "$(inherited) @executable_path/Frameworks @loader_path/Frameworks";
				PRODUCT_BUNDLE_IDENTIFIER = epistulae.FoodTrackerTests;
				PRODUCT_NAME = "$(TARGET_NAME)";
				TEST_HOST = "$(BUILT_PRODUCTS_DIR)/FoodTracker.app/FoodTracker";
			};
			name = Release;
		};
/* End XCBuildConfiguration section */

/* Begin XCConfigurationList section */
		DC8151D51C9C2BCC00771EEA /* Build configuration list for PBXProject "FoodTracker" */ = {
			isa = XCConfigurationList;
			buildConfigurations = (
				DC8151F51C9C2BCC00771EEA /* Debug */,
				DC8151F61C9C2BCC00771EEA /* Release */,
			);
			defaultConfigurationIsVisible = 0;
			defaultConfigurationName = Release;
		};
		DC8151F71C9C2BCC00771EEA /* Build configuration list for PBXNativeTarget "FoodTracker" */ = {
			isa = XCConfigurationList;
			buildConfigurations = (
				DC8151F81C9C2BCC00771EEA /* Debug */,
				DC8151F91C9C2BCC00771EEA /* Release */,
			);
			defaultConfigurationIsVisible = 0;
		};
		DC8151FA1C9C2BCC00771EEA /* Build configuration list for PBXNativeTarget "FoodTrackerTests" */ = {
			isa = XCConfigurationList;
			buildConfigurations = (
				DC8151FB1C9C2BCC00771EEA /* Debug */,
				DC8151FC1C9C2BCC00771EEA /* Release */,
			);
			defaultConfigurationIsVisible = 0;
		};
/* End XCConfigurationList section */
	};
	rootObject = DC8151D21C9C2BCC00771EEA /* Project object */;
}
